
Microsoft Visual Studio Solution File, Format Version 12.00
# Visual Studio Version 16
VisualStudioVersion = 16.0.32228.343
MinimumVisualStudioVersion = 10.0.40219.1
Project("{FAE04EC0-301F-11D3-BF4B-00C04F79EFBC}") = "6sigmaileProje", "6sigmaileProje\6sigmaileProje.csproj", "{D739AB21-9539-4A8D-8BC2-CA7F7F246805}"
EndProject
Global
	GlobalSection(SolutionConfigurationPlatforms) = preSolution
		Debug|Any CPU = Debug|Any CPU
		Release|Any CPU = Release|Any CPU
	EndGlobalSection
	GlobalSection(ProjectConfigurationPlatforms) = postSolution
		{D739AB21-9539-4A8D-8BC2-CA7F7F246805}.Debug|Any CPU.ActiveCfg = Debug|Any CPU
		{D739AB21-9539-4A8D-8BC2-CA7F7F246805}.Debug|Any CPU.Build.0 = Debug|Any CPU
		{D739AB21-9539-4A8D-8BC2-CA7F7F246805}.Release|Any CPU.ActiveCfg = Release|Any CPU
		{D739AB21-9539-4A8D-8BC2-CA7F7F246805}.Release|Any CPU.Build.0 = Release|Any CPU
	EndGlobalSection
	GlobalSection(SolutionProperties) = preSolution
		HideSolutionNode = FALSE
	EndGlobalSection
	GlobalSection(ExtensibilityGlobals) = postSolution
		SolutionGuid = {F58DE833-8918-45D3-AD4C-05CC5AD2A532}
	EndGlobalSection
EndGlobal
